
Microsoft Visual Studio Solution File, Format Version 12.00
# Visual Studio Version 16
VisualStudioVersion = 16.0.30709.132
MinimumVisualStudioVersion = 10.0.40219.1
Project("{FAE04EC0-301F-11D3-BF4B-00C04F79EFBC}") = "Beadandó", "2048\2048.csproj", "{EB974A50-9E24-42DB-81DD-D89CB0221B96}"
EndProject
Global
	GlobalSection(SolutionConfigurationPlatforms) = preSolution
		Debug|Any CPU = Debug|Any CPU
		Release|Any CPU = Release|Any CPU
	EndGlobalSection
	GlobalSection(ProjectConfigurationPlatforms) = postSolution
		{EB974A50-9E24-42DB-81DD-D89CB0221B96}.Debug|Any CPU.ActiveCfg = Debug|Any CPU
		{EB974A50-9E24-42DB-81DD-D89CB0221B96}.Debug|Any CPU.Build.0 = Debug|Any CPU
		{EB974A50-9E24-42DB-81DD-D89CB0221B96}.Release|Any CPU.ActiveCfg = Release|Any CPU
		{EB974A50-9E24-42DB-81DD-D89CB0221B96}.Release|Any CPU.Build.0 = Release|Any CPU
	EndGlobalSection
	GlobalSection(SolutionProperties) = preSolution
		HideSolutionNode = FALSE
	EndGlobalSection
	GlobalSection(ExtensibilityGlobals) = postSolution
		SolutionGuid = {91971FB6-EF96-4887-B60A-7B4D1AB2E9FA}
	EndGlobalSection
EndGlobal
